
Microsoft Visual Studio Solution File, Format Version 12.00
# Visual Studio Version 17
VisualStudioVersion = 17.3.32825.248
MinimumVisualStudioVersion = 10.0.40219.1
Project("{FAE04EC0-301F-11D3-BF4B-00C04F79EFBC}") = "задание 1.22(А)", "задание 1.22(А).csproj", "{4D04E45B-2734-42B8-8FD9-E442977BC1CA}"
EndProject
Global
	GlobalSection(SolutionConfigurationPlatforms) = preSolution
		Debug|Any CPU = Debug|Any CPU
		Release|Any CPU = Release|Any CPU
	EndGlobalSection
	GlobalSection(ProjectConfigurationPlatforms) = postSolution
		{4D04E45B-2734-42B8-8FD9-E442977BC1CA}.Debug|Any CPU.ActiveCfg = Debug|Any CPU
		{4D04E45B-2734-42B8-8FD9-E442977BC1CA}.Debug|Any CPU.Build.0 = Debug|Any CPU
		{4D04E45B-2734-42B8-8FD9-E442977BC1CA}.Release|Any CPU.ActiveCfg = Release|Any CPU
		{4D04E45B-2734-42B8-8FD9-E442977BC1CA}.Release|Any CPU.Build.0 = Release|Any CPU
	EndGlobalSection
	GlobalSection(SolutionProperties) = preSolution
		HideSolutionNode = FALSE
	EndGlobalSection
	GlobalSection(ExtensibilityGlobals) = postSolution
		SolutionGuid = {E043A1B4-700A-4B23-A60B-ACA5B32B6DB4}
	EndGlobalSection
EndGlobal
